
Microsoft Visual Studio Solution File, Format Version 12.00
# Visual Studio Version 16
VisualStudioVersion = 16.0.30503.244
MinimumVisualStudioVersion = 10.0.40219.1
Project("{FAE04EC0-301F-11D3-BF4B-00C04F79EFBC}") = "ClientApp", "ClientApp\ClientApp.csproj", "{95265CAE-814D-4213-9DE4-3032AE2FD984}"
EndProject
Project("{FAE04EC0-301F-11D3-BF4B-00C04F79EFBC}") = "ServerApp", "ServerApp\ServerApp.csproj", "{B27C1628-AF68-4528-9618-2BAF2D099D8A}"
EndProject
Project("{2150E333-8FDC-42A3-9474-1A3956D46DE8}") = "Solution Items", "Solution Items", "{3569D4E7-9C85-42D3-87F4-60E3DFCA1F61}"
	ProjectSection(SolutionItems) = preProject
		crypt.py = crypt.py
	EndProjectSection
EndProject
Global
	GlobalSection(SolutionConfigurationPlatforms) = preSolution
		Debug|Any CPU = Debug|Any CPU
		Release|Any CPU = Release|Any CPU
	EndGlobalSection
	GlobalSection(ProjectConfigurationPlatforms) = postSolution
		{95265CAE-814D-4213-9DE4-3032AE2FD984}.Debug|Any CPU.ActiveCfg = Debug|Any CPU
		{95265CAE-814D-4213-9DE4-3032AE2FD984}.Debug|Any CPU.Build.0 = Debug|Any CPU
		{95265CAE-814D-4213-9DE4-3032AE2FD984}.Release|Any CPU.ActiveCfg = Release|Any CPU
		{95265CAE-814D-4213-9DE4-3032AE2FD984}.Release|Any CPU.Build.0 = Release|Any CPU
		{B27C1628-AF68-4528-9618-2BAF2D099D8A}.Debug|Any CPU.ActiveCfg = Debug|Any CPU
		{B27C1628-AF68-4528-9618-2BAF2D099D8A}.Debug|Any CPU.Build.0 = Debug|Any CPU
		{B27C1628-AF68-4528-9618-2BAF2D099D8A}.Release|Any CPU.ActiveCfg = Release|Any CPU
		{B27C1628-AF68-4528-9618-2BAF2D099D8A}.Release|Any CPU.Build.0 = Release|Any CPU
	EndGlobalSection
	GlobalSection(SolutionProperties) = preSolution
		HideSolutionNode = FALSE
	EndGlobalSection
	GlobalSection(ExtensibilityGlobals) = postSolution
		SolutionGuid = {282380DE-50AF-4514-BA54-DACDD279331E}
	EndGlobalSection
EndGlobal
